{
  "projects": [
    {
      "projectId": "gmeH6XgPaBtkt51HunAo4g",
      "version": "18.20.0",
      "dependencies": {},
      "lang": "ts",
      "fileLocks": [
        {
          "assetId": "gmeH6XgPaBtkt51HunAo4g",
          "type": "projectCss",
          "checksum": "1c02168c6b23256606111fdfdbb63549"
        }
      ],
      "codegenVersion": "0.0.1"
    },
    {
      "projectId": "i3gtnUj54rQKwhnmUG5jLP",
      "version": "latest",
      "dependencies": {
        "gmeH6XgPaBtkt51HunAo4g": "18.20.0"
      },
      "lang": "ts",
      "fileLocks": [
        {
          "type": "globalVariant",
          "assetId": "d_nXbcDqEA1p",
          "checksum": "5392b0d8543d7a5599c35f908b8ad544"
        },
        {
          "assetId": "i3gtnUj54rQKwhnmUG5jLP",
          "type": "projectCss",
          "checksum": "8e16b9640d6e2510d538105ec4116761"
        },
        {
          "type": "renderModule",
          "assetId": "ZRSwq8L1kQek",
          "checksum": "a55c15ac6a8656b18a414f4b517d12d1"
        },
        {
          "type": "cssRules",
          "assetId": "ZRSwq8L1kQek",
          "checksum": "a55c15ac6a8656b18a414f4b517d12d1"
        },
        {
          "type": "renderModule",
          "assetId": "RbXCXYbDKQ62",
          "checksum": "a3b4e39c53ae6b78f5760fcf3e2c956e"
        },
        {
          "type": "cssRules",
          "assetId": "RbXCXYbDKQ62",
          "checksum": "a3b4e39c53ae6b78f5760fcf3e2c956e"
        },
        {
          "type": "icon",
          "assetId": "P7mYEnOmYv0u",
          "checksum": "6af9c62e7164314054582754c5e95017"
        },
        {
          "type": "icon",
          "assetId": "fWwr9EsgPa6B",
          "checksum": "cd914d76ffca105b9c0c10325cb414f7"
        },
        {
          "type": "image",
          "assetId": "fL_Ivz4lWL9f",
          "checksum": "d1b4b6d15a19be1f06c961bac711cbdc"
        }
      ],
      "codegenVersion": "0.0.1"
    }
  ],
  "cliVersion": "0.1.340"
}
